PODS:
  - Alamofire (4.4.0)
  - Popover (1.0.5)
  - SwiftMoment (0.7)

DEPENDENCIES:
  - Alamofire (~> 4.4)
  - Popover
  - SwiftMoment

SPEC CHECKSUMS:
  Alamofire: dc44b1600b800eb63da6a19039a0083d62a6a62d
  Popover: f31b0ef6f43192256e6fcf13a0ce10f01c803159
  SwiftMoment: dc6dd27012e267819104cbb03f74ff9192dd0b42

PODFILE CHECKSUM: 7a4902bd5b60c277f38a0b046069a92b1dcc76ff

COCOAPODS: 1.2.1
